
Microsoft Visual Studio Solution File, Format Version 12.00
# Visual Studio Version 17
VisualStudioVersion = 17.6.33829.357
MinimumVisualStudioVersion = 10.0.40219.1
Project("{FAE04EC0-301F-11D3-BF4B-00C04F79EFBC}") = "Hangman", "Hangman\Hangman.csproj", "{EFF8D68D-2EC8-4F00-B326-F926D6A0AE62}"
EndProject
Global
	GlobalSection(SolutionConfigurationPlatforms) = preSolution
		Debug|Any CPU = Debug|Any CPU
		Release|Any CPU = Release|Any CPU
	EndGlobalSection
	GlobalSection(ProjectConfigurationPlatforms) = postSolution
		{EFF8D68D-2EC8-4F00-B326-F926D6A0AE62}.Debug|Any CPU.ActiveCfg = Debug|Any CPU
		{EFF8D68D-2EC8-4F00-B326-F926D6A0AE62}.Debug|Any CPU.Build.0 = Debug|Any CPU
		{EFF8D68D-2EC8-4F00-B326-F926D6A0AE62}.Release|Any CPU.ActiveCfg = Release|Any CPU
		{EFF8D68D-2EC8-4F00-B326-F926D6A0AE62}.Release|Any CPU.Build.0 = Release|Any CPU
	EndGlobalSection
	GlobalSection(SolutionProperties) = preSolution
		HideSolutionNode = FALSE
	EndGlobalSection
	GlobalSection(ExtensibilityGlobals) = postSolution
		SolutionGuid = {C92783A8-3429-4C42-8B48-687CB3E67A60}
	EndGlobalSection
EndGlobal
